// !$*UTF8*$!
{
	archiveVersion = 1;
	classes = {
	};
	objectVersion = 46;
	objects = {

/* Begin PBXBuildFile section */
		3BC60999164ECB1D006487D9 /* UIKit.framework in Frameworks */ = {isa = PBXBuildFile; fileRef = 3BC60998164ECB1D006487D9 /* UIKit.framework */; };
		3BC6099B164ECB1D006487D9 /* Foundation.framework in Frameworks */ = {isa = PBXBuildFile; fileRef = 3BC6099A164ECB1D006487D9 /* Foundation.framework */; };
		3BC6099D164ECB1D006487D9 /* CoreGraphics.framework in Frameworks */ = {isa = PBXBuildFile; fileRef = 3BC6099C164ECB1D006487D9 /* CoreGraphics.framework */; };
		3BC609A3164ECB1D006487D9 /* InfoPlist.strings in Resources */ = {isa = PBXBuildFile; fileRef = 3BC609A1164ECB1D006487D9 /* InfoPlist.strings */; };
		3BC609A5164ECB1D006487D9 /* main.m in Sources */ = {isa = PBXBuildFile; fileRef = 3BC609A4164ECB1D006487D9 /* main.m */; };
		3BC609A9164ECB1D006487D9 /* DIOAppDelegate.m in Sources */ = {isa = PBXBuildFile; fileRef = 3BC609A8164ECB1D006487D9 /* DIOAppDelegate.m */; };
		3BC609AB164ECB1D006487D9 /* Default.png in Resources */ = {isa = PBXBuildFile; fileRef = 3BC609AA164ECB1D006487D9 /* Default.png */; };
		3BC609AD164ECB1D006487D9 /* Default@2x.png in Resources */ = {isa = PBXBuildFile; fileRef = 3BC609AC164ECB1D006487D9 /* Default@2x.png */; };
		3BC609AF164ECB1D006487D9 /* Default-568h@2x.png in Resources */ = {isa = PBXBuildFile; fileRef = 3BC609AE164ECB1D006487D9 /* Default-568h@2x.png */; };
		3BC609B2164ECB1D006487D9 /* MainStoryboard.storyboard in Resources */ = {isa = PBXBuildFile; fileRef = 3BC609B0164ECB1D006487D9 /* MainStoryboard.storyboard */; };
		3BC609BD164ECC9B006487D9 /* AddressBook.framework in Frameworks */ = {isa = PBXBuildFile; fileRef = 3BC609BB164ECC9B006487D9 /* AddressBook.framework */; };
		3BC609BE164ECC9B006487D9 /* AddressBookUI.framework in Frameworks */ = {isa = PBXBuildFile; fileRef = 3BC609BC164ECC9B006487D9 /* AddressBookUI.framework */; };
		3BC609C5164ECDC1006487D9 /* DIOPerson.m in Sources */ = {isa = PBXBuildFile; fileRef = 3BC609C2164ECDC1006487D9 /* DIOPerson.m */; };
		3BC609C6164ECDC1006487D9 /* DIOSelectedContactsTableViewController.m in Sources */ = {isa = PBXBuildFile; fileRef = 3BC609C4164ECDC1006487D9 /* DIOSelectedContactsTableViewController.m */; };
/* End PBXBuildFile section */

/* Begin PBXFileReference section */
		3BC60994164ECB1D006487D9 /* DoughIO.app */ = {isa = PBXFileReference; explicitFileType = wrapper.application; includeInIndex = 0; path = DoughIO.app; sourceTree = BUILT_PRODUCTS_DIR; };
		3BC60998164ECB1D006487D9 /* UIKit.framework */ = {isa = PBXFileReference; lastKnownFileType = wrapper.framework; name = UIKit.framework; path = System/Library/Frameworks/UIKit.framework; sourceTree = SDKROOT; };
		3BC6099A164ECB1D006487D9 /* Foundation.framework */ = {isa = PBXFileReference; lastKnownFileType = wrapper.framework; name = Foundation.framework; path = System/Library/Frameworks/Foundation.framework; sourceTree = SDKROOT; };
		3BC6099C164ECB1D006487D9 /* CoreGraphics.framework */ = {isa = PBXFileReference; lastKnownFileType = wrapper.framework; name = CoreGraphics.framework; path = System/Library/Frameworks/CoreGraphics.framework; sourceTree = SDKROOT; };
		3BC609A0164ECB1D006487D9 /* DoughIO-Info.plist */ = {isa = PBXFileReference; lastKnownFileType = text.plist.xml; path = "DoughIO-Info.plist"; sourceTree = "<group>"; };
		3BC609A2164ECB1D006487D9 /* en */ = {isa = PBXFileReference; lastKnownFileType = text.plist.strings; name = en; path = en.lproj/InfoPlist.strings; sourceTree = "<group>"; };
		3BC609A4164ECB1D006487D9 /* main.m */ = {isa = PBXFileReference; lastKnownFileType = sourcecode.c.objc; path = main.m; sourceTree = "<group>"; };
		3BC609A6164ECB1D006487D9 /* DoughIO-Prefix.pch */ = {isa = PBXFileReference; lastKnownFileType = sourcecode.c.h; path = "DoughIO-Prefix.pch"; sourceTree = "<group>"; };
		3BC609A7164ECB1D006487D9 /* DIOAppDelegate.h */ = {isa = PBXFileReference; lastKnownFileType = sourcecode.c.h; path = DIOAppDelegate.h; sourceTree = "<group>"; };
		3BC609A8164ECB1D006487D9 /* DIOAppDelegate.m */ = {isa = PBXFileReference; lastKnownFileType = sourcecode.c.objc; path = DIOAppDelegate.m; sourceTree = "<group>"; };
		3BC609AA164ECB1D006487D9 /* Default.png */ = {isa = PBXFileReference; lastKnownFileType = image.png; path = Default.png; sourceTree = "<group>"; };
		3BC609AC164ECB1D006487D9 /* Default@2x.png */ = {isa = PBXFileReference; lastKnownFileType = image.png; path = "Default@2x.png"; sourceTree = "<group>"; };
		3BC609AE164ECB1D006487D9 /* Default-568h@2x.png */ = {isa = PBXFileReference; lastKnownFileType = image.png; path = "Default-568h@2x.png"; sourceTree = "<group>"; };
		3BC609B1164ECB1D006487D9 /* en */ = {isa = PBXFileReference; lastKnownFileType = file.storyboard; name = en; path = en.lproj/MainStoryboard.storyboard; sourceTree = "<group>"; };
		3BC609BB164ECC9B006487D9 /* AddressBook.framework */ = {isa = PBXFileReference; lastKnownFileType = wrapper.framework; name = AddressBook.framework; path = System/Library/Frameworks/AddressBook.framework; sourceTree = SDKROOT; };
		3BC609BC164ECC9B006487D9 /* AddressBookUI.framework */ = {isa = PBXFileReference; lastKnownFileType = wrapper.framework; name = AddressBookUI.framework; path = System/Library/Frameworks/AddressBookUI.framework; sourceTree = SDKROOT; };
		3BC609C1164ECDC1006487D9 /* DIOPerson.h */ = {isa = PBXFileReference; fileEncoding = 4; lastKnownFileType = sourcecode.c.h; path = DIOPerson.h; sourceTree = "<group>"; };
		3BC609C2164ECDC1006487D9 /* DIOPerson.m */ = {isa = PBXFileReference; fileEncoding = 4; lastKnownFileType = sourcecode.c.objc; path = DIOPerson.m; sourceTree = "<group>"; };
		3BC609C3164ECDC1006487D9 /* DIOSelectedContactsTableViewController.h */ = {isa = PBXFileReference; fileEncoding = 4; lastKnownFileType = sourcecode.c.h; path = DIOSelectedContactsTableViewController.h; sourceTree = "<group>"; };
		3BC609C4164ECDC1006487D9 /* DIOSelectedContactsTableViewController.m */ = {isa = PBXFileReference; fileEncoding = 4; lastKnownFileType = sourcecode.c.objc; path = DIOSelectedContactsTableViewController.m; sourceTree = "<group>"; };
/* End PBXFileReference section */

/* Begin PBXFrameworksBuildPhase section */
		3BC60991164ECB1D006487D9 /* Frameworks */ = {
			isa = PBXFrameworksBuildPhase;
			buildActionMask = 2147483647;
			files = (
				3BC609BD164ECC9B006487D9 /* AddressBook.framework in Frameworks */,
				3BC609BE164ECC9B006487D9 /* AddressBookUI.framework in Frameworks */,
				3BC60999164ECB1D006487D9 /* UIKit.framework in Frameworks */,
				3BC6099B164ECB1D006487D9 /* Foundation.framework in Frameworks */,
				3BC6099D164ECB1D006487D9 /* CoreGraphics.framework in Frameworks */,
			);
			runOnlyForDeploymentPostprocessing = 0;
		};
/* End PBXFrameworksBuildPhase section */

/* Begin PBXGroup section */
		3BC60989164ECB1D006487D9 = {
			isa = PBXGroup;
			children = (
				3BC609BB164ECC9B006487D9 /* AddressBook.framework */,
				3BC609BC164ECC9B006487D9 /* AddressBookUI.framework */,
				3BC6099E164ECB1D006487D9 /* DoughIO */,
				3BC60997164ECB1D006487D9 /* Frameworks */,
				3BC60995164ECB1D006487D9 /* Products */,
			);
			sourceTree = "<group>";
		};
		3BC60995164ECB1D006487D9 /* Products */ = {
			isa = PBXGroup;
			children = (
				3BC60994164ECB1D006487D9 /* DoughIO.app */,
			);
			name = Products;
			sourceTree = "<group>";
		};
		3BC60997164ECB1D006487D9 /* Frameworks */ = {
			isa = PBXGroup;
			children = (
				3BC60998164ECB1D006487D9 /* UIKit.framework */,
				3BC6099A164ECB1D006487D9 /* Foundation.framework */,
				3BC6099C164ECB1D006487D9 /* CoreGraphics.framework */,
			);
			name = Frameworks;
			sourceTree = "<group>";
		};
		3BC6099E164ECB1D006487D9 /* DoughIO */ = {
			isa = PBXGroup;
			children = (
				3BC609A7164ECB1D006487D9 /* DIOAppDelegate.h */,
				3BC609A8164ECB1D006487D9 /* DIOAppDelegate.m */,
				3BC609BF164ECCAA006487D9 /* Models */,
				3BC609C0164ECCB0006487D9 /* Controllers */,
				3BC609B0164ECB1D006487D9 /* MainStoryboard.storyboard */,
				3BC6099F164ECB1D006487D9 /* Supporting Files */,
			);
			path = DoughIO;
			sourceTree = "<group>";
		};
		3BC6099F164ECB1D006487D9 /* Supporting Files */ = {
			isa = PBXGroup;
			children = (
				3BC609A0164ECB1D006487D9 /* DoughIO-Info.plist */,
				3BC609A1164ECB1D006487D9 /* InfoPlist.strings */,
				3BC609A4164ECB1D006487D9 /* main.m */,
				3BC609A6164ECB1D006487D9 /* DoughIO-Prefix.pch */,
				3BC609AA164ECB1D006487D9 /* Default.png */,
				3BC609AC164ECB1D006487D9 /* Default@2x.png */,
				3BC609AE164ECB1D006487D9 /* Default-568h@2x.png */,
			);
			name = "Supporting Files";
			sourceTree = "<group>";
		};
		3BC609BF164ECCAA006487D9 /* Models */ = {
			isa = PBXGroup;
			children = (
				3BC609C1164ECDC1006487D9 /* DIOPerson.h */,
				3BC609C2164ECDC1006487D9 /* DIOPerson.m */,
			);
			name = Models;
			sourceTree = "<group>";
		};
		3BC609C0164ECCB0006487D9 /* Controllers */ = {
			isa = PBXGroup;
			children = (
				3BC609C3164ECDC1006487D9 /* DIOSelectedContactsTableViewController.h */,
				3BC609C4164ECDC1006487D9 /* DIOSelectedContactsTableViewController.m */,
			);
			name = Controllers;
			sourceTree = "<group>";
		};
/* End PBXGroup section */

/* Begin PBXNativeTarget section */
		3BC60993164ECB1D006487D9 /* DoughIO */ = {
			isa = PBXNativeTarget;
			buildConfigurationList = 3BC609B8164ECB1D006487D9 /* Build configuration list for PBXNativeTarget "DoughIO" */;
			buildPhases = (
				3BC60990164ECB1D006487D9 /* Sources */,
				3BC60991164ECB1D006487D9 /* Frameworks */,
				3BC60992164ECB1D006487D9 /* Resources */,
			);
			buildRules = (
			);
			dependencies = (
			);
			name = DoughIO;
			productName = DoughIO;
			productReference = 3BC60994164ECB1D006487D9 /* DoughIO.app */;
			productType = "com.apple.product-type.application";
		};
/* End PBXNativeTarget section */

/* Begin PBXProject section */
		3BC6098B164ECB1D006487D9 /* Project object */ = {
			isa = PBXProject;
			attributes = {
				CLASSPREFIX = DIO;
				LastUpgradeCheck = 0450;
				ORGANIZATIONNAME = MandC;
			};
			buildConfigurationList = 3BC6098E164ECB1D006487D9 /* Build configuration list for PBXProject "DoughIO" */;
			compatibilityVersion = "Xcode 3.2";
			developmentRegion = English;
			hasScannedForEncodings = 0;
			knownRegions = (
				en,
			);
			mainGroup = 3BC60989164ECB1D006487D9;
			productRefGroup = 3BC60995164ECB1D006487D9 /* Products */;
			projectDirPath = "";
			projectRoot = "";
			targets = (
				3BC60993164ECB1D006487D9 /* DoughIO */,
			);
		};
/* End PBXProject section */

/* Begin PBXResourcesBuildPhase section */
		3BC60992164ECB1D006487D9 /* Resources */ = {
			isa = PBXResourcesBuildPhase;
			buildActionMask = 2147483647;
			files = (
				3BC609A3164ECB1D006487D9 /* InfoPlist.strings in Resources */,
				3BC609AB164ECB1D006487D9 /* Default.png in Resources */,
				3BC609AD164ECB1D006487D9 /* Default@2x.png in Resources */,
				3BC609AF164ECB1D006487D9 /* Default-568h@2x.png in Resources */,
				3BC609B2164ECB1D006487D9 /* MainStoryboard.storyboard in Resources */,
			);
			runOnlyForDeploymentPostprocessing = 0;
		};
/* End PBXResourcesBuildPhase section */

/* Begin PBXSourcesBuildPhase section */
		3BC60990164ECB1D006487D9 /* Sources */ = {
			isa = PBXSourcesBuildPhase;
			buildActionMask = 2147483647;
			files = (
				3BC609A5164ECB1D006487D9 /* main.m in Sources */,
				3BC609A9164ECB1D006487D9 /* DIOAppDelegate.m in Sources */,
				3BC609C5164ECDC1006487D9 /* DIOPerson.m in Sources */,
				3BC609C6164ECDC1006487D9 /* DIOSelectedContactsTableViewController.m in Sources */,
			);
			runOnlyForDeploymentPostprocessing = 0;
		};
/* End PBXSourcesBuildPhase section */

/* Begin PBXVariantGroup section */
		3BC609A1164ECB1D006487D9 /* InfoPlist.strings */ = {
			isa = PBXVariantGroup;
			children = (
				3BC609A2164ECB1D006487D9 /* en */,
			);
			name = InfoPlist.strings;
			sourceTree = "<group>";
		};
		3BC609B0164ECB1D006487D9 /* MainStoryboard.storyboard */ = {
			isa = PBXVariantGroup;
			children = (
				3BC609B1164ECB1D006487D9 /* en */,
			);
			name = MainStoryboard.storyboard;
			sourceTree = "<group>";
		};
/* End PBXVariantGroup section */

/* Begin XCBuildConfiguration section */
		3BC609B6164ECB1D006487D9 /* Debug */ = {
			isa = XCBuildConfiguration;
			buildSettings = {
				ALWAYS_SEARCH_USER_PATHS = NO;
				CLANG_CXX_LANGUAGE_STANDARD = "gnu++0x";
				CLANG_CXX_LIBRARY = "libc++";
				CLANG_ENABLE_OBJC_ARC = YES;
				CLANG_WARN_EMPTY_BODY = YES;
				CLANG_WARN__DUPLICATE_METHOD_MATCH = YES;
				"CODE_SIGN_IDENTITY[sdk=iphoneos*]" = "iPhone Developer";
				COPY_PHASE_STRIP = NO;
				GCC_C_LANGUAGE_STANDARD = gnu99;
				GCC_DYNAMIC_NO_PIC = NO;
				GCC_OPTIMIZATION_LEVEL = 0;
				GCC_PREPROCESSOR_DEFINITIONS = (
					"DEBUG=1",
					"$(inherited)",
				);
				GCC_SYMBOLS_PRIVATE_EXTERN = NO;
				GCC_WARN_ABOUT_RETURN_TYPE = YES;
				GCC_WARN_UNINITIALIZED_AUTOS = YES;
				GCC_WARN_UNUSED_VARIABLE = YES;
				IPHONEOS_DEPLOYMENT_TARGET = 6.0;
				ONLY_ACTIVE_ARCH = YES;
				SDKROOT = iphoneos;
			};
			name = Debug;
		};
		3BC609B7164ECB1D006487D9 /* Release */ = {
			isa = XCBuildConfiguration;
			buildSettings = {
				ALWAYS_SEARCH_USER_PATHS = NO;
				CLANG_CXX_LANGUAGE_STANDARD = "gnu++0x";
				CLANG_CXX_LIBRARY = "libc++";
				CLANG_ENABLE_OBJC_ARC = YES;
				CLANG_WARN_EMPTY_BODY = YES;
				CLANG_WARN__DUPLICATE_METHOD_MATCH = YES;
				"CODE_SIGN_IDENTITY[sdk=iphoneos*]" = "iPhone Developer";
				COPY_PHASE_STRIP = YES;
				GCC_C_LANGUAGE_STANDARD = gnu99;
				GCC_WARN_ABOUT_RETURN_TYPE = YES;
				GCC_WARN_UNINITIALIZED_AUTOS = YES;
				GCC_WARN_UNUSED_VARIABLE = YES;
				IPHONEOS_DEPLOYMENT_TARGET = 6.0;
				OTHER_CFLAGS = "-DNS_BLOCK_ASSERTIONS=1";
				SDKROOT = iphoneos;
				VALIDATE_PRODUCT = YES;
			};
			name = Release;
		};
		3BC609B9164ECB1D006487D9 /* Debug */ = {
			isa = XCBuildConfiguration;
			buildSettings = {
				GCC_PRECOMPILE_PREFIX_HEADER = YES;
				GCC_PREFIX_HEADER = "DoughIO/DoughIO-Prefix.pch";
				INFOPLIST_FILE = "DoughIO/DoughIO-Info.plist";
				PRODUCT_NAME = "$(TARGET_NAME)";
				WRAPPER_EXTENSION = app;
			};
			name = Debug;
		};
		3BC609BA164ECB1D006487D9 /* Release */ = {
			isa = XCBuildConfiguration;
			buildSettings = {
				GCC_PRECOMPILE_PREFIX_HEADER = YES;
				GCC_PREFIX_HEADER = "DoughIO/DoughIO-Prefix.pch";
				INFOPLIST_FILE = "DoughIO/DoughIO-Info.plist";
				PRODUCT_NAME = "$(TARGET_NAME)";
				WRAPPER_EXTENSION = app;
			};
			name = Release;
		};
/* End XCBuildConfiguration section */

/* Begin XCConfigurationList section */
		3BC6098E164ECB1D006487D9 /* Build configuration list for PBXProject "DoughIO" */ = {
			isa = XCConfigurationList;
			buildConfigurations = (
				3BC609B6164ECB1D006487D9 /* Debug */,
				3BC609B7164ECB1D006487D9 /* Release */,
			);
			defaultConfigurationIsVisible = 0;
			defaultConfigurationName = Release;
		};
		3BC609B8164ECB1D006487D9 /* Build configuration list for PBXNativeTarget "DoughIO" */ = {
			isa = XCConfigurationList;
			buildConfigurations = (
				3BC609B9164ECB1D006487D9 /* Debug */,
				3BC609BA164ECB1D006487D9 /* Release */,
			);
			defaultConfigurationIsVisible = 0;
		};
/* End XCConfigurationList section */
	};
	rootObject = 3BC6098B164ECB1D006487D9 /* Project object */;
}
